github.com/Chi-Go/chi v1.5.7 h1:xfBc0ODsgkRSPmavWynF8/C79c9804Esa26UvneFc60=
github.com/Chi-Go/chi v1.5.7/go.mod h1:/+Kzls+5I7V3KAxi1pDEaIrN5P5xSNhzgRaHKpKYjpk=
github.com/Chi-Go/cors v1.2.3 h1:tqvF6ro9y9OlTAfC7M7pvVMIOYhK9b4sGZkjpOGaS7U=
github.com/Chi-Go/cors v1.2.3/go.mod h1:0iz0BO/NSJZMsQdAPAohkhG4F39PuSITKuxZPOj/1jg=
github.com/joho/godotenv v1.5.1 h1:7eLL/+HRGLY0ldzfGMeQkb7vMd0as4CfYvUVzLqw0N0=
github.com/joho/godotenv v1.5.1/go.mod h1:f4LDr5Voq0i2e/R5DDNOoa2zzDfwtkZa6DnEwAbqwq4=
